
Microsoft Visual Studio Solution File, Format Version 12.00
# Visual Studio Version 17
VisualStudioVersion = 17.1.32319.34
MinimumVisualStudioVersion = 10.0.40219.1
Project("{FAE04EC0-301F-11D3-BF4B-00C04F79EFBC}") = "TestProject_Common", "TestProject_Common\TestProject_Common.csproj", "{A797FF2C-5C25-409B-9D25-F37FA15CDF85}"
EndProject
Global
	GlobalSection(SolutionConfigurationPlatforms) = preSolution
		Debug|Any CPU = Debug|Any CPU
		Release|Any CPU = Release|Any CPU
	EndGlobalSection
	GlobalSection(ProjectConfigurationPlatforms) = postSolution
		{A797FF2C-5C25-409B-9D25-F37FA15CDF85}.Debug|Any CPU.ActiveCfg = Debug|Any CPU
		{A797FF2C-5C25-409B-9D25-F37FA15CDF85}.Debug|Any CPU.Build.0 = Debug|Any CPU
		{A797FF2C-5C25-409B-9D25-F37FA15CDF85}.Release|Any CPU.ActiveCfg = Release|Any CPU
		{A797FF2C-5C25-409B-9D25-F37FA15CDF85}.Release|Any CPU.Build.0 = Release|Any CPU
	EndGlobalSection
	GlobalSection(SolutionProperties) = preSolution
		HideSolutionNode = FALSE
	EndGlobalSection
	GlobalSection(ExtensibilityGlobals) = postSolution
		SolutionGuid = {DF1FB521-FD28-4C75-A2F9-88D6E83218B6}
	EndGlobalSection
EndGlobal
